
Microsoft Visual Studio Solution File, Format Version 12.00
# Visual Studio Version 16
VisualStudioVersion = 16.0.32510.428
MinimumVisualStudioVersion = 10.0.40219.1
Project("{FAE04EC0-301F-11D3-BF4B-00C04F79EFBC}") = "Stackoverflow", "Stackoverflow\Stackoverflow.csproj", "{83B72503-BEEA-455D-B4EC-16672234F273}"
EndProject
Global
	GlobalSection(SolutionConfigurationPlatforms) = preSolution
		Debug|Any CPU = Debug|Any CPU
		Release|Any CPU = Release|Any CPU
	EndGlobalSection
	GlobalSection(ProjectConfigurationPlatforms) = postSolution
		{83B72503-BEEA-455D-B4EC-16672234F273}.Debug|Any CPU.ActiveCfg = Debug|Any CPU
		{83B72503-BEEA-455D-B4EC-16672234F273}.Debug|Any CPU.Build.0 = Debug|Any CPU
		{83B72503-BEEA-455D-B4EC-16672234F273}.Release|Any CPU.ActiveCfg = Release|Any CPU
		{83B72503-BEEA-455D-B4EC-16672234F273}.Release|Any CPU.Build.0 = Release|Any CPU
	EndGlobalSection
	GlobalSection(SolutionProperties) = preSolution
		HideSolutionNode = FALSE
	EndGlobalSection
	GlobalSection(ExtensibilityGlobals) = postSolution
		SolutionGuid = {767A8A31-DE68-4684-9EB1-BF227277C968}
	EndGlobalSection
EndGlobal
