
Microsoft Visual Studio Solution File, Format Version 12.00
# Visual Studio Version 16
VisualStudioVersion = 16.0.32510.428
MinimumVisualStudioVersion = 10.0.40219.1
Project("{FAE04EC0-301F-11D3-BF4B-00C04F79EFBC}") = "StopWatch", "StopWatch\StopWatch.csproj", "{BA3933AB-76FB-4472-9B5F-32031034132E}"
EndProject
Global
	GlobalSection(SolutionConfigurationPlatforms) = preSolution
		Debug|Any CPU = Debug|Any CPU
		Release|Any CPU = Release|Any CPU
	EndGlobalSection
	GlobalSection(ProjectConfigurationPlatforms) = postSolution
		{BA3933AB-76FB-4472-9B5F-32031034132E}.Debug|Any CPU.ActiveCfg = Debug|Any CPU
		{BA3933AB-76FB-4472-9B5F-32031034132E}.Debug|Any CPU.Build.0 = Debug|Any CPU
		{BA3933AB-76FB-4472-9B5F-32031034132E}.Release|Any CPU.ActiveCfg = Release|Any CPU
		{BA3933AB-76FB-4472-9B5F-32031034132E}.Release|Any CPU.Build.0 = Release|Any CPU
	EndGlobalSection
	GlobalSection(SolutionProperties) = preSolution
		HideSolutionNode = FALSE
	EndGlobalSection
	GlobalSection(ExtensibilityGlobals) = postSolution
		SolutionGuid = {3FE614A6-72E9-4034-BD84-BB88D61B0107}
	EndGlobalSection
EndGlobal
